
Microsoft Visual Studio Solution File, Format Version 12.00
# Visual Studio Version 17
VisualStudioVersion = 17.9.34723.18
MinimumVisualStudioVersion = 10.0.40219.1
Project("{9A19103F-16F7-4668-BE54-9A1E7A4F7556}") = "GrpcClient", "GrpcClient\GrpcClient.csproj", "{317AEDE0-0CF4-47E9-9124-C46AA5E76F99}"
EndProject
Project("{9A19103F-16F7-4668-BE54-9A1E7A4F7556}") = "GrpcServer", "GrpcServer\GrpcServer.csproj", "{61187CED-BA01-43FD-92FC-31B831BF642C}"
EndProject
Global
	GlobalSection(SolutionConfigurationPlatforms) = preSolution
		Debug|Any CPU = Debug|Any CPU
		Release|Any CPU = Release|Any CPU
	EndGlobalSection
	GlobalSection(ProjectConfigurationPlatforms) = postSolution
		{317AEDE0-0CF4-47E9-9124-C46AA5E76F99}.Debug|Any CPU.ActiveCfg = Debug|Any CPU
		{317AEDE0-0CF4-47E9-9124-C46AA5E76F99}.Debug|Any CPU.Build.0 = Debug|Any CPU
		{317AEDE0-0CF4-47E9-9124-C46AA5E76F99}.Release|Any CPU.ActiveCfg = Release|Any CPU
		{317AEDE0-0CF4-47E9-9124-C46AA5E76F99}.Release|Any CPU.Build.0 = Release|Any CPU
		{61187CED-BA01-43FD-92FC-31B831BF642C}.Debug|Any CPU.ActiveCfg = Debug|Any CPU
		{61187CED-BA01-43FD-92FC-31B831BF642C}.Debug|Any CPU.Build.0 = Debug|Any CPU
		{61187CED-BA01-43FD-92FC-31B831BF642C}.Release|Any CPU.ActiveCfg = Release|Any CPU
		{61187CED-BA01-43FD-92FC-31B831BF642C}.Release|Any CPU.Build.0 = Release|Any CPU
	EndGlobalSection
	GlobalSection(SolutionProperties) = preSolution
		HideSolutionNode = FALSE
	EndGlobalSection
	GlobalSection(ExtensibilityGlobals) = postSolution
		SolutionGuid = {A5032A0A-2308-47B4-8490-5E709DB40E1F}
	EndGlobalSection
EndGlobal
